
Microsoft Visual Studio Solution File, Format Version 12.00
# Visual Studio Version 17
VisualStudioVersion = 17.0.32014.148
MinimumVisualStudioVersion = 10.0.40219.1
Project("{FAE04EC0-301F-11D3-BF4B-00C04F79EFBC}") = "ShopifyBackend", "ShopifyBackend\ShopifyBackend.csproj", "{7CE84819-F536-4EFC-9000-A8230137B9D7}"
EndProject
Global
	GlobalSection(SolutionConfigurationPlatforms) = preSolution
		Debug|Any CPU = Debug|Any CPU
		Release|Any CPU = Release|Any CPU
	EndGlobalSection
	GlobalSection(ProjectConfigurationPlatforms) = postSolution
		{7CE84819-F536-4EFC-9000-A8230137B9D7}.Debug|Any CPU.ActiveCfg = Debug|Any CPU
		{7CE84819-F536-4EFC-9000-A8230137B9D7}.Debug|Any CPU.Build.0 = Debug|Any CPU
		{7CE84819-F536-4EFC-9000-A8230137B9D7}.Release|Any CPU.ActiveCfg = Release|Any CPU
		{7CE84819-F536-4EFC-9000-A8230137B9D7}.Release|Any CPU.Build.0 = Release|Any CPU
	EndGlobalSection
	GlobalSection(SolutionProperties) = preSolution
		HideSolutionNode = FALSE
	EndGlobalSection
	GlobalSection(ExtensibilityGlobals) = postSolution
		SolutionGuid = {16B80F37-F2F2-40C1-B8F3-B174C5AC63B9}
	EndGlobalSection
EndGlobal
